# This file was autogenerated by uv via the following command:
#    uv pip compile gpu_preflight/requirements.txt -c gpu_preflight/constraints.txt --python .venv-stage1_6/bin/python --index-strategy unsafe-best-match -o gpu_preflight/requirements.lock
torchvision==0.28.0+cu130
    # Explicit matching GPU vision wheel; torch pin below is unchanged.
aiohappyeyeballs==2.7.1
    # via
    #   -r gpu_preflight/requirements.txt
    #   aiohttp
aiohttp==3.14.3
    # via
    #   -r gpu_preflight/requirements.txt
    #   fsspec
aiosignal==1.4.0
    # via
    #   -r gpu_preflight/requirements.txt
    #   aiohttp
airportsdata==20260905
    # via
    #   -r gpu_preflight/requirements.txt
    #   outlines
annotated-doc==0.0.5
    # via
    #   -r gpu_preflight/requirements.txt
    #   fastapi
    #   typer
annotated-types==0.8.0
    # via
    #   -r gpu_preflight/requirements.txt
    #   pydantic
anthropic==1.11.0
    # via -r gpu_preflight/requirements.txt
anyio==4.15.1
    # via
    #   -r gpu_preflight/requirements.txt
    #   anthropic
    #   httpx
    #   httpx2
    #   openai
    #   starlette
    #   watchfiles
apache-tvm-ffi==0.1.11
    # via
    #   -r gpu_preflight/requirements.txt
    #   flashinfer-python
    #   nvidia-cudnn-frontend
    #   xgrammar
asttokens==3.0.2
    # via
    #   -r gpu_preflight/requirements.txt
    #   stack-data
attrs==26.1.0
    # via
    #   -r gpu_preflight/requirements.txt
    #   aiohttp
    #   jsonschema
    #   referencing
blobfile==3.0.0
    # via -r gpu_preflight/requirements.txt
certifi==2026.7.22
    # via
    #   -r gpu_preflight/requirements.txt
    #   httpcore
    #   httpx
    #   requests
cffi==2.1.1
    # via
    #   -r gpu_preflight/requirements.txt
    #   soundfile
charset-normalizer==3.5.2
    # via
    #   -r gpu_preflight/requirements.txt
    #   requests
click==8.5.0
    # via
    #   -r gpu_preflight/requirements.txt
    #   flashinfer-python
    #   huggingface-hub
    #   uvicorn
cloudpickle==3.1.2
    # via
    #   -r gpu_preflight/requirements.txt
    #   outlines
compressed-tensors==0.18.0
    # via -r gpu_preflight/requirements.txt
cuda-bindings==13.3.1
    # via
    #   -r gpu_preflight/requirements.txt
    #   cuda-python
    #   nvidia-cutlass-dsl-libs-base
    #   nvidia-cutlass-dsl-libs-core
    #   nvidia-cutlass-dsl-libs-cu12
    #   nvidia-cutlass-dsl-libs-cu13
    #   torch
cuda-core==1.0.1
    # via
    #   cuda-python
    #   nccl-extensions
    #   nccl4py
cuda-pathfinder==1.6.0
    # via
    #   -r gpu_preflight/requirements.txt
    #   cuda-bindings
    #   cuda-core
    #   cuda-python
    #   nccl-extensions
    #   nccl4py
cuda-python==13.3.1
    # via flashinfer-python
cuda-tile==1.6.0
    # via flashinfer-python
cuda-toolkit==13.0.3.0
    # via torch
datasets==5.0.1
    # via -r gpu_preflight/requirements.txt
dill==0.4.1
    # via
    #   -r gpu_preflight/requirements.txt
    #   datasets
    #   multiprocess
diskcache==5.6.3
    # via
    #   -r gpu_preflight/requirements.txt
    #   outlines
distro==1.9.0
    # via
    #   -r gpu_preflight/requirements.txt
    #   openai
docstring-parser==0.18.0
    # via
    #   -r gpu_preflight/requirements.txt
    #   anthropic
easydict==1.13
    # via -r gpu_preflight/requirements.txt
einops==0.8.2
    # via
    #   -r gpu_preflight/requirements.txt
    #   flashinfer-python
executing==2.2.1
    # via
    #   -r gpu_preflight/requirements.txt
    #   stack-data
fastapi==0.142.2
    # via -r gpu_preflight/requirements.txt
filelock==3.32.3
    # via
    #   -r gpu_preflight/requirements.txt
    #   blobfile
    #   datasets
    #   huggingface-hub
    #   torch
flashinfer-python==0.7.0.post1
    # via
    #   -c gpu_preflight/constraints.txt
    #   -r gpu_preflight/requirements.txt
frozenlist==1.8.0
    # via
    #   -r gpu_preflight/requirements.txt
    #   aiohttp
    #   aiosignal
fsspec==2026.6.0
    # via
    #   -r gpu_preflight/requirements.txt
    #   datasets
    #   huggingface-hub
    #   torch
gguf==0.19.0
    # via -r gpu_preflight/requirements.txt
grpcio==1.84.0
    # via
    #   -r gpu_preflight/requirements.txt
    #   grpcio-health-checking
    #   grpcio-reflection
    #   smg-grpc-proto
    #   smg-grpc-servicer
grpcio-health-checking==1.84.0
    # via
    #   -r gpu_preflight/requirements.txt
    #   smg-grpc-servicer
grpcio-reflection==1.84.0
    # via
    #   -r gpu_preflight/requirements.txt
    #   smg-grpc-servicer
h11==0.16.0
    # via
    #   -r gpu_preflight/requirements.txt
    #   httpcore
    #   httpcore2
    #   uvicorn
hf-xet==1.6.0
    # via
    #   -r gpu_preflight/requirements.txt
    #   huggingface-hub
httpcore==1.0.9
    # via
    #   -r gpu_preflight/requirements.txt
    #   httpx
httpcore2==2.13.1
    # via
    #   -r gpu_preflight/requirements.txt
    #   httpx2
httpx==0.28.1
    # via
    #   -r gpu_preflight/requirements.txt
    #   datasets
    #   huggingface-hub
    #   openai
httpx2==2.13.1
    # via
    #   -r gpu_preflight/requirements.txt
    #   anthropic
huggingface-hub==1.33.0
    # via
    #   -r gpu_preflight/requirements.txt
    #   datasets
    #   kernels
    #   tokenizers
    #   transformers
idna==3.20
    # via
    #   -r gpu_preflight/requirements.txt
    #   anyio
    #   httpx
    #   httpx2
    #   requests
    #   yarl
iniconfig==2.3.0
    # via
    #   -r gpu_preflight/requirements.txt
    #   pytest
interegular==0.3.3
    # via
    #   -r gpu_preflight/requirements.txt
    #   outlines
    #   outlines-core
ipython==9.17.1
    # via -r gpu_preflight/requirements.txt
ipython-pygments-lexers==1.1.1
    # via
    #   -r gpu_preflight/requirements.txt
    #   ipython
jedi==0.20.0
    # via
    #   -r gpu_preflight/requirements.txt
    #   ipython
jinja2==3.1.6
    # via
    #   -r gpu_preflight/requirements.txt
    #   outlines
    #   torch
jiter==0.17.0
    # via
    #   -r gpu_preflight/requirements.txt
    #   anthropic
    #   openai
jsonschema==4.26.0
    # via
    #   -r gpu_preflight/requirements.txt
    #   mistral-common
    #   outlines
    #   outlines-core
jsonschema-specifications==2025.9.1
    # via
    #   -r gpu_preflight/requirements.txt
    #   jsonschema
kernels==0.14.1
    # via -r gpu_preflight/requirements.txt
kernels-data==0.16.2
    # via
    #   -r gpu_preflight/requirements.txt
    #   kernels
lark==1.3.1
    # via
    #   -r gpu_preflight/requirements.txt
    #   outlines
llguidance==1.9.1
    # via -r gpu_preflight/requirements.txt
llvmlite==0.47.0
    # via
    #   -r gpu_preflight/requirements.txt
    #   numba
loguru==0.7.3
    # via
    #   -r gpu_preflight/requirements.txt
    #   compressed-tensors
lxml==6.1.3
    # via
    #   -r gpu_preflight/requirements.txt
    #   blobfile
markdown-it-py==4.2.0
    # via
    #   -r gpu_preflight/requirements.txt
    #   rich
markupsafe==3.0.3
    # via
    #   -r gpu_preflight/requirements.txt
    #   jinja2
matplotlib-inline==0.2.2
    # via
    #   -r gpu_preflight/requirements.txt
    #   ipython
mdurl==0.1.2
    # via
    #   -r gpu_preflight/requirements.txt
    #   markdown-it-py
mistral-common==1.12.0
    # via -r gpu_preflight/requirements.txt
mpmath==1.3.0
    # via
    #   -r gpu_preflight/requirements.txt
    #   sympy
msgspec==0.22.0
    # via -r gpu_preflight/requirements.txt
multidict==6.9.1
    # via
    #   -r gpu_preflight/requirements.txt
    #   aiohttp
    #   yarl
multiprocess==0.70.19
    # via
    #   -r gpu_preflight/requirements.txt
    #   datasets
nccl-extensions==0.1.0
    # via flashinfer-python
nccl4py==0.6.0
    # via
    #   flashinfer-python
    #   nccl-extensions
nest-asyncio==1.6.0
    # via
    #   -r gpu_preflight/requirements.txt
    #   outlines
networkx==3.6.1
    # via
    #   -r gpu_preflight/requirements.txt
    #   torch
ninja==1.13.2
    # via
    #   -r gpu_preflight/requirements.txt
    #   flashinfer-python
numba==0.65.1
    # via -r gpu_preflight/requirements.txt
numpy==2.3.5
    # via
    #   -r gpu_preflight/requirements.txt
    #   cuda-core
    #   datasets
    #   flashinfer-python
    #   gguf
    #   mistral-common
    #   nccl-extensions
    #   nccl4py
    #   numba
    #   outlines
    #   pandas
    #   scipy
    #   soundfile
    #   transformers
    #   xgrammar
nvidia-cublas==13.1.1.3
    # via
    #   cuda-toolkit
    #   nvidia-cudnn-cu13
    #   nvidia-cusolver
nvidia-cuda-cupti==13.0.85
    # via cuda-toolkit
nvidia-cuda-nvrtc==13.0.88
    # via
    #   cuda-toolkit
    #   nvidia-cublas
nvidia-cuda-runtime==13.0.96
    # via cuda-toolkit
nvidia-cudnn-cu13==9.20.0.48
    # via torch
nvidia-cudnn-frontend==1.30.0
    # via flashinfer-python
nvidia-cufft==12.0.0.61
    # via cuda-toolkit
nvidia-cufile==1.15.1.6
    # via cuda-toolkit
nvidia-curand==10.4.0.35
    # via cuda-toolkit
nvidia-cusolver==12.0.4.66
    # via cuda-toolkit
nvidia-cusparse==12.6.3.3
    # via
    #   cuda-toolkit
    #   nvidia-cusolver
nvidia-cusparselt-cu13==0.8.1
    # via torch
nvidia-cutlass-dsl==4.8.0
    # via
    #   flashinfer-python
    #   nvidia-cudnn-frontend
nvidia-cutlass-dsl-libs-base==4.8.0
    # via
    #   nvidia-cutlass-dsl
    #   nvidia-cutlass-dsl-libs-cu12
    #   nvidia-cutlass-dsl-libs-cu13
nvidia-cutlass-dsl-libs-core==4.8.0
    # via nvidia-cutlass-dsl-libs-base
nvidia-cutlass-dsl-libs-cu12==4.8.0
    # via nvidia-cutlass-dsl
nvidia-cutlass-dsl-libs-cu13==4.8.0
    # via nvidia-cutlass-dsl
nvidia-ml-py==13.615.71
    # via flashinfer-python
nvidia-nccl-cu13==2.29.7
    # via torch
nvidia-nvjitlink==13.4.92
    # via
    #   cuda-toolkit
    #   nvidia-cufft
    #   nvidia-cusolver
    #   nvidia-cusparse
nvidia-nvshmem-cu13==3.4.5
    # via torch
nvidia-nvtx==13.0.85
    # via cuda-toolkit
openai==2.6.1
    # via -r gpu_preflight/requirements.txt
openai-harmony==0.0.4
    # via -r gpu_preflight/requirements.txt
opentelemetry-api==1.45.0
    # via
    #   -r gpu_preflight/requirements.txt
    #   fastapi
orjson==3.12.0
    # via -r gpu_preflight/requirements.txt
outlines==0.1.11
    # via -r gpu_preflight/requirements.txt
outlines-core==0.1.26
    # via
    #   -r gpu_preflight/requirements.txt
    #   outlines
packaging==26.3
    # via
    #   -r gpu_preflight/requirements.txt
    #   datasets
    #   flashinfer-python
    #   huggingface-hub
    #   kernels
    #   nccl-extensions
    #   nccl4py
    #   pytest
    #   transformers
pandas==3.0.6
    # via
    #   -r gpu_preflight/requirements.txt
    #   datasets
parso==0.8.7
    # via
    #   -r gpu_preflight/requirements.txt
    #   jedi
partial-json-parser==0.2.1.1.post7
    # via -r gpu_preflight/requirements.txt
pexpect==4.9.0
    # via
    #   -r gpu_preflight/requirements.txt
    #   ipython
pillow==12.3.0
    # via
    #   -r gpu_preflight/requirements.txt
    #   mistral-common
platformdirs==4.12.2
    # via -r gpu_preflight/requirements.txt
pluggy==1.6.0
    # via
    #   -r gpu_preflight/requirements.txt
    #   pytest
prometheus-client==0.26.0
    # via -r gpu_preflight/requirements.txt
prompt-toolkit==3.0.53
    # via
    #   -r gpu_preflight/requirements.txt
    #   ipython
propcache==0.5.4
    # via
    #   -r gpu_preflight/requirements.txt
    #   aiohttp
    #   yarl
protobuf==7.36.2
    # via
    #   -r gpu_preflight/requirements.txt
    #   grpcio-health-checking
    #   grpcio-reflection
    #   nvidia-cutlass-dsl-libs-base
    #   nvidia-cutlass-dsl-libs-core
    #   nvidia-cutlass-dsl-libs-cu12
    #   nvidia-cutlass-dsl-libs-cu13
    #   smg-grpc-proto
psutil==7.2.2
    # via
    #   -r gpu_preflight/requirements.txt
    #   compressed-tensors
    #   ipython
ptyprocess==0.7.0
    # via
    #   -r gpu_preflight/requirements.txt
    #   pexpect
pure-eval==0.2.4
    # via
    #   -r gpu_preflight/requirements.txt
    #   stack-data
pyarrow==25.0.1
    # via
    #   -r gpu_preflight/requirements.txt
    #   datasets
pybase64==1.5.0
    # via -r gpu_preflight/requirements.txt
pycountry==26.2.16
    # via
    #   -r gpu_preflight/requirements.txt
    #   outlines
    #   pydantic-extra-types
pycparser==3.0
    # via
    #   -r gpu_preflight/requirements.txt
    #   cffi
pycryptodomex==3.23.0
    # via
    #   -r gpu_preflight/requirements.txt
    #   blobfile
pydantic==2.13.5
    # via
    #   -r gpu_preflight/requirements.txt
    #   anthropic
    #   compressed-tensors
    #   fastapi
    #   mistral-common
    #   openai
    #   openai-harmony
    #   outlines
    #   pydantic-extra-types
    #   xgrammar
pydantic-core==2.46.5
    # via
    #   -r gpu_preflight/requirements.txt
    #   pydantic
pydantic-extra-types==2.11.1
    # via
    #   -r gpu_preflight/requirements.txt
    #   mistral-common
pygments==2.21.0
    # via
    #   -r gpu_preflight/requirements.txt
    #   ipython
    #   ipython-pygments-lexers
    #   pytest
    #   rich
pytest==9.1.1
    # via
    #   -r gpu_preflight/requirements.txt
    #   pytest-asyncio
pytest-asyncio==1.4.0
    # via -r gpu_preflight/requirements.txt
python-dateutil==2.9.0.post0
    # via
    #   -r gpu_preflight/requirements.txt
    #   pandas
python-multipart==0.0.32
    # via -r gpu_preflight/requirements.txt
pyyaml==6.0.3
    # via
    #   -r gpu_preflight/requirements.txt
    #   datasets
    #   gguf
    #   huggingface-hub
    #   kernels
    #   transformers
pyzmq==27.2.0
    # via -r gpu_preflight/requirements.txt
referencing==0.37.0
    # via
    #   -r gpu_preflight/requirements.txt
    #   jsonschema
    #   jsonschema-specifications
    #   outlines
regex==2026.9.29
    # via
    #   -r gpu_preflight/requirements.txt
    #   tiktoken
    #   transformers
requests==2.34.2
    # via
    #   -r gpu_preflight/requirements.txt
    #   datasets
    #   flashinfer-python
    #   gguf
    #   mistral-common
    #   outlines
    #   tiktoken
rich==15.0.0
    # via
    #   -r gpu_preflight/requirements.txt
    #   typer
rpds-py==2026.6.3
    # via
    #   -r gpu_preflight/requirements.txt
    #   jsonschema
    #   referencing
safetensors==0.8.0
    # via
    #   -r gpu_preflight/requirements.txt
    #   transformers
scipy==1.18.1
    # via -r gpu_preflight/requirements.txt
sentencepiece==0.2.1
    # via -r gpu_preflight/requirements.txt
setproctitle==1.3.8
    # via -r gpu_preflight/requirements.txt
setuptools==78.1.0
    # via
    #   -r gpu_preflight/requirements.txt
    #   torch
sglang-kernel==0.4.8
    # via
    #   -c gpu_preflight/constraints.txt
    #   -r gpu_preflight/requirements.txt
shellingham==1.5.4
    # via
    #   -r gpu_preflight/requirements.txt
    #   typer
six==1.17.0
    # via
    #   -r gpu_preflight/requirements.txt
    #   python-dateutil
smg-grpc-proto==0.4.22
    # via
    #   -r gpu_preflight/requirements.txt
    #   smg-grpc-servicer
smg-grpc-servicer==0.13.0
    # via -r gpu_preflight/requirements.txt
sniffio==1.3.1
    # via
    #   -r gpu_preflight/requirements.txt
    #   anthropic
    #   openai
soundfile==0.13.1
    # via -r gpu_preflight/requirements.txt
stack-data==0.6.3
    # via
    #   -r gpu_preflight/requirements.txt
    #   ipython
starlette==1.7.0
    # via
    #   -r gpu_preflight/requirements.txt
    #   fastapi
sympy==1.14.0
    # via
    #   -r gpu_preflight/requirements.txt
    #   torch
tabulate==0.10.0
    # via flashinfer-python
tiktoken==0.14.0
    # via
    #   -r gpu_preflight/requirements.txt
    #   mistral-common
tokenizers==0.23.2
    # via
    #   -r gpu_preflight/requirements.txt
    #   transformers
tomlkit==0.15.1
    # via
    #   -r gpu_preflight/requirements.txt
    #   kernels
torch==2.13.0+cu130
    # via
    #   -c gpu_preflight/constraints.txt
    #   compressed-tensors
    #   flashinfer-python
    #   outlines
    #   sglang-kernel
    #   xgrammar
torch-memory-saver==0.0.10
    # via -r gpu_preflight/requirements.txt
tqdm==4.70.1
    # via
    #   -r gpu_preflight/requirements.txt
    #   datasets
    #   flashinfer-python
    #   gguf
    #   huggingface-hub
    #   openai
    #   outlines
    #   transformers
traitlets==5.16.1
    # via
    #   -r gpu_preflight/requirements.txt
    #   ipython
    #   matplotlib-inline
transformers==5.17.0
    # via
    #   -c gpu_preflight/constraints.txt
    #   -r gpu_preflight/requirements.txt
    #   compressed-tensors
    #   xgrammar
triton==3.7.1
    # via
    #   -c gpu_preflight/constraints.txt
    #   torch
    #   xgrammar
truststore==0.10.4
    # via
    #   -r gpu_preflight/requirements.txt
    #   httpcore2
    #   httpx2
typer==0.27.2
    # via
    #   -r gpu_preflight/requirements.txt
    #   transformers
typing-extensions==4.16.0
    # via
    #   -r gpu_preflight/requirements.txt
    #   aiohttp
    #   aiosignal
    #   anthropic
    #   anyio
    #   apache-tvm-ffi
    #   cuda-tile
    #   fastapi
    #   grpcio
    #   httpx2
    #   huggingface-hub
    #   mistral-common
    #   nvidia-cutlass-dsl-libs-base
    #   nvidia-cutlass-dsl-libs-core
    #   nvidia-cutlass-dsl-libs-cu12
    #   nvidia-cutlass-dsl-libs-cu13
    #   openai
    #   opentelemetry-api
    #   outlines
    #   pydantic
    #   pydantic-core
    #   pydantic-extra-types
    #   pytest-asyncio
    #   referencing
    #   starlette
    #   torch
    #   typing-inspection
    #   xgrammar
typing-inspection==0.4.4
    # via
    #   -r gpu_preflight/requirements.txt
    #   fastapi
    #   pydantic
urllib3==2.8.0
    # via
    #   -r gpu_preflight/requirements.txt
    #   blobfile
    #   requests
uvicorn==0.54.0
    # via -r gpu_preflight/requirements.txt
uvloop==0.23.0
    # via -r gpu_preflight/requirements.txt
watchfiles==1.3.0
    # via -r gpu_preflight/requirements.txt
wcwidth==0.9.1
    # via
    #   -r gpu_preflight/requirements.txt
    #   prompt-toolkit
xgrammar==0.2.7
    # via -r gpu_preflight/requirements.txt
xxhash==4.0.1
    # via
    #   -r gpu_preflight/requirements.txt
    #   datasets
yarl==1.25.1
    # via
    #   -r gpu_preflight/requirements.txt
    #   aiohttp
